<?xml version="1.0" encoding="utf-8"?>
<Project ToolsVersion="4.0" xmlns="http://schemas.microsoft.com/developer/msbuild/2003">
  <ItemGroup>
    <ClCompile Include="src\testApp.cpp">
      <Filter>src</Filter>
    </ClCompile>
    <ClCompile Include="src\main.cpp">
      <Filter>src</Filter>
    </ClCompile>
    <ClCompile Include="..\..\..\addons\ofxNetwork\src\ofxTCPManager.cpp">
      <Filter>addons\ofxNetwork\src</Filter>
    </ClCompile>
    <ClCompile Include="..\..\..\addons\ofxNetwork\src\ofxUDPManager.cpp">
      <Filter>addons\ofxNetwork\src</Filter>
    </ClCompile>
    <ClCompile Include="..\..\..\addons\ofxNetwork\src\ofxTCPClient.cpp">
      <Filter>addons\ofxNetwork\src</Filter>
    </ClCompile>
    <ClCompile Include="..\..\..\addons\ofxNetwork\src\ofxTCPServer.cpp">
      <Filter>addons\ofxNetwork\src</Filter>
    </ClCompile>
    <ClCompile Include="..\..\..\addons\ofxUDPTileStreamer\src\ofxUDPTileStreamer.cpp">
      <Filter>addons\ofxUDPTileStreamer\src</Filter>
    </ClCompile>
  </ItemGroup>
  <ItemGroup>
    <Filter Include="src">
      <UniqueIdentifier>{d8376475-7454-4a24-b08a-aac121d3ad6f}</UniqueIdentifier>
    </Filter>
    <Filter Include="addons">
      <UniqueIdentifier>{71834f65-f3a9-211e-73b8-dc8563776aec}</UniqueIdentifier>
    </Filter>
    <Filter Include="addons\ofxNetwork">
      <UniqueIdentifier>{01a15744-29a6-108d-08e9-83a73d797b5f}</UniqueIdentifier>
    </Filter>
    <Filter Include="addons\ofxNetwork\src">
      <UniqueIdentifier>{3d1c10c7-8f35-e796-9c70-f5f317cb6d6b}</UniqueIdentifier>
    </Filter>
    <Filter Include="addons\ofxThread">
      <UniqueIdentifier>{a6a48d8b-32c6-d8ff-fe75-0da558aca09b}</UniqueIdentifier>
    </Filter>
    <Filter Include="addons\ofxThread\src">
      <UniqueIdentifier>{771f48a3-e0f2-a454-487f-9870f247f17b}</UniqueIdentifier>
    </Filter>
    <Filter Include="addons\ofxUDPTileStreamer">
      <UniqueIdentifier>{49670f27-df37-4cc4-9689-c166b67f214b}</UniqueIdentifier>
    </Filter>
    <Filter Include="addons\ofxUDPTileStreamer\src">
      <UniqueIdentifier>{11abcea8-2baa-4232-b629-3d2b8e3e54e1}</UniqueIdentifier>
    </Filter>
  </ItemGroup>
  <ItemGroup>
    <ClInclude Include="src\testApp.h">
      <Filter>src</Filter>
    </ClInclude>
    <ClInclude Include="..\..\..\addons\ofxNetwork\src\ofxTCPClient.h">
      <Filter>addons\ofxNetwork\src</Filter>
    </ClInclude>
    <ClInclude Include="..\..\..\addons\ofxNetwork\src\ofxNetworkUtils.h">
      <Filter>addons\ofxNetwork\src</Filter>
    </ClInclude>
    <ClInclude Include="..\..\..\addons\ofxNetwork\src\ofxUDPManager.h">
      <Filter>addons\ofxNetwork\src</Filter>
    </ClInclude>
    <ClInclude Include="..\..\..\addons\ofxNetwork\src\ofxTCPManager.h">
      <Filter>addons\ofxNetwork\src</Filter>
    </ClInclude>
    <ClInclude Include="..\..\..\addons\ofxNetwork\src\ofxNetwork.h">
      <Filter>addons\ofxNetwork\src</Filter>
    </ClInclude>
    <ClInclude Include="..\..\..\addons\ofxNetwork\src\ofxTCPServer.h">
      <Filter>addons\ofxNetwork\src</Filter>
    </ClInclude>
    <ClInclude Include="..\..\..\addons\ofxThread\src\ofxThread.h">
      <Filter>addons\ofxThread\src</Filter>
    </ClInclude>
    <ClInclude Include="..\..\..\addons\ofxUDPTileStreamer\src\ofxUDPTileStreamer.h">
      <Filter>addons\ofxUDPTileStreamer\src</Filter>
    </ClInclude>
  </ItemGroup>
</Project>